
Microsoft Visual Studio Solution File, Format Version 12.00
# Visual Studio Version 17
VisualStudioVersion = 17.9.34728.123
MinimumVisualStudioVersion = 10.0.40219.1
Project("{FAE04EC0-301F-11D3-BF4B-00C04F79EFBC}") = "smart_metering", "smart_metering.csproj", "{8AB91A71-A43A-4D77-9F0D-E2137E0EE934}"
EndProject
Global
	GlobalSection(SolutionConfigurationPlatforms) = preSolution
		Debug|Any CPU = Debug|Any CPU
		Release|Any CPU = Release|Any CPU
	EndGlobalSection
	GlobalSection(ProjectConfigurationPlatforms) = postSolution
		{8AB91A71-A43A-4D77-9F0D-E2137E0EE934}.Debug|Any CPU.ActiveCfg = Debug|Any CPU
		{8AB91A71-A43A-4D77-9F0D-E2137E0EE934}.Debug|Any CPU.Build.0 = Debug|Any CPU
		{8AB91A71-A43A-4D77-9F0D-E2137E0EE934}.Release|Any CPU.ActiveCfg = Release|Any CPU
		{8AB91A71-A43A-4D77-9F0D-E2137E0EE934}.Release|Any CPU.Build.0 = Release|Any CPU
	EndGlobalSection
	GlobalSection(SolutionProperties) = preSolution
		HideSolutionNode = FALSE
	EndGlobalSection
	GlobalSection(ExtensibilityGlobals) = postSolution
		SolutionGuid = {E5267F0E-011D-4D65-8093-E0556CF91787}
	EndGlobalSection
EndGlobal
